// !$*UTF8*$!
{
	archiveVersion = 1;
	classes = {
	};
	objectVersion = 46;
	objects = {

/* Begin PBXBuildFile section */
		49EF58DA1A3C7C5600ADB979 /* AppDelegate.swift in Sources */ = {isa = PBXBuildFile; fileRef = 49EF58D91A3C7C5600ADB979 /* AppDelegate.swift */; };
		49EF58DC1A3C7C5600ADB979 /* ViewController.swift in Sources */ = {isa = PBXBuildFile; fileRef = 49EF58DB1A3C7C5600ADB979 /* ViewController.swift */; };
		49EF58DF1A3C7C5600ADB979 /* Main.storyboard in Resources */ = {isa = PBXBuildFile; fileRef = 49EF58DD1A3C7C5600ADB979 /* Main.storyboard */; };
		49EF58E11A3C7C5600ADB979 /* Images.xcassets in Resources */ = {isa = PBXBuildFile; fileRef = 49EF58E01A3C7C5600ADB979 /* Images.xcassets */; };
		49EF58E41A3C7C5600ADB979 /* LaunchScreen.xib in Resources */ = {isa = PBXBuildFile; fileRef = 49EF58E21A3C7C5600ADB979 /* LaunchScreen.xib */; };
		49EF58F01A3C7C5600ADB979 /* BullsEyeTests.swift in Sources */ = {isa = PBXBuildFile; fileRef = 49EF58EF1A3C7C5600ADB979 /* BullsEyeTests.swift */; };
/* End PBXBuildFile section */

/* Begin PBXContainerItemProxy section */
		49EF58EA1A3C7C5600ADB979 /* PBXContainerItemProxy */ = {
			isa = PBXContainerItemProxy;
			containerPortal = 49EF58CC1A3C7C5600ADB979 /* Project object */;
			proxyType = 1;
			remoteGlobalIDString = 49EF58D31A3C7C5600ADB979;
			remoteInfo = BullsEye;
		};
/* End PBXContainerItemProxy section */

/* Begin PBXFileReference section */
		49EF58D41A3C7C5600ADB979 /* BullsEye.app */ = {isa = PBXFileReference; explicitFileType = wrapper.application; includeInIndex = 0; path = BullsEye.app; sourceTree = BUILT_PRODUCTS_DIR; };
		49EF58D81A3C7C5600ADB979 /* Info.plist */ = {isa = PBXFileReference; lastKnownFileType = text.plist.xml; path = Info.plist; sourceTree = "<group>"; };
		49EF58D91A3C7C5600ADB979 /* AppDelegate.swift */ = {isa = PBXFileReference; lastKnownFileType = sourcecode.swift; path = AppDelegate.swift; sourceTree = "<group>"; };
		49EF58DB1A3C7C5600ADB979 /* ViewController.swift */ = {isa = PBXFileReference; lastKnownFileType = sourcecode.swift; path = ViewController.swift; sourceTree = "<group>"; };
		49EF58DE1A3C7C5600ADB979 /* Base */ = {isa = PBXFileReference; lastKnownFileType = file.storyboard; name = Base; path = Base.lproj/Main.storyboard; sourceTree = "<group>"; };
		49EF58E01A3C7C5600ADB979 /* Images.xcassets */ = {isa = PBXFileReference; lastKnownFileType = folder.assetcatalog; path = Images.xcassets; sourceTree = "<group>"; };
		49EF58E31A3C7C5600ADB979 /* Base */ = {isa = PBXFileReference; lastKnownFileType = file.xib; name = Base; path = Base.lproj/LaunchScreen.xib; sourceTree = "<group>"; };
		49EF58E91A3C7C5600ADB979 /* BullsEyeTests.xctest */ = {isa = PBXFileReference; explicitFileType = wrapper.cfbundle; includeInIndex = 0; path = BullsEyeTests.xctest; sourceTree = BUILT_PRODUCTS_DIR; };
		49EF58EE1A3C7C5600ADB979 /* Info.plist */ = {isa = PBXFileReference; lastKnownFileType = text.plist.xml; path = Info.plist; sourceTree = "<group>"; };
		49EF58EF1A3C7C5600ADB979 /* BullsEyeTests.swift */ = {isa = PBXFileReference; lastKnownFileType = sourcecode.swift; path = BullsEyeTests.swift; sourceTree = "<group>"; };
/* End PBXFileReference section */

/* Begin PBXFrameworksBuildPhase section */
		49EF58D11A3C7C5600ADB979 /* Frameworks */ = {
			isa = PBXFrameworksBuildPhase;
			buildActionMask = 2147483647;
			files = (
			);
			runOnlyForDeploymentPostprocessing = 0;
		};
		49EF58E61A3C7C5600ADB979 /* Frameworks */ = {
			isa = PBXFrameworksBuildPhase;
			buildActionMask = 2147483647;
			files = (
			);
			runOnlyForDeploymentPostprocessing = 0;
		};
/* End PBXFrameworksBuildPhase section */

/* Begin PBXGroup section */
		49EF58CB1A3C7C5600ADB979 = {
			isa = PBXGroup;
			children = (
				49EF58D61A3C7C5600ADB979 /* BullsEye */,
				49EF58EC1A3C7C5600ADB979 /* BullsEyeTests */,
				49EF58D51A3C7C5600ADB979 /* Products */,
			);
			sourceTree = "<group>";
		};
		49EF58D51A3C7C5600ADB979 /* Products */ = {
			isa = PBXGroup;
			children = (
				49EF58D41A3C7C5600ADB979 /* BullsEye.app */,
				49EF58E91A3C7C5600ADB979 /* BullsEyeTests.xctest */,
			);
			name = Products;
			sourceTree = "<group>";
		};
		49EF58D61A3C7C5600ADB979 /* BullsEye */ = {
			isa = PBXGroup;
			children = (
				49EF58D91A3C7C5600ADB979 /* AppDelegate.swift */,
				49EF58DB1A3C7C5600ADB979 /* ViewController.swift */,
				49EF58DD1A3C7C5600ADB979 /* Main.storyboard */,
				49EF58E01A3C7C5600ADB979 /* Images.xcassets */,
				49EF58E21A3C7C5600ADB979 /* LaunchScreen.xib */,
				49EF58D71A3C7C5600ADB979 /* Supporting Files */,
			);
			path = BullsEye;
			sourceTree = "<group>";
		};
		49EF58D71A3C7C5600ADB979 /* Supporting Files */ = {
			isa = PBXGroup;
			children = (
				49EF58D81A3C7C5600ADB979 /* Info.plist */,
			);
			name = "Supporting Files";
			sourceTree = "<group>";
		};
		49EF58EC1A3C7C5600ADB979 /* BullsEyeTests */ = {
			isa = PBXGroup;
			children = (
				49EF58EF1A3C7C5600ADB979 /* BullsEyeTests.swift */,
				49EF58ED1A3C7C5600ADB979 /* Supporting Files */,
			);
			path = BullsEyeTests;
			sourceTree = "<group>";
		};
		49EF58ED1A3C7C5600ADB979 /* Supporting Files */ = {
			isa = PBXGroup;
			children = (
				49EF58EE1A3C7C5600ADB979 /* Info.plist */,
			);
			name = "Supporting Files";
			sourceTree = "<group>";
		};
/* End PBXGroup section */

/* Begin PBXNativeTarget section */
		49EF58D31A3C7C5600ADB979 /* BullsEye */ = {
			isa = PBXNativeTarget;
			buildConfigurationList = 49EF58F31A3C7C5600ADB979 /* Build configuration list for PBXNativeTarget "BullsEye" */;
			buildPhases = (
				49EF58D01A3C7C5600ADB979 /* Sources */,
				49EF58D11A3C7C5600ADB979 /* Frameworks */,
				49EF58D21A3C7C5600ADB979 /* Resources */,
			);
			buildRules = (
			);
			dependencies = (
			);
			name = BullsEye;
			productName = BullsEye;
			productReference = 49EF58D41A3C7C5600ADB979 /* BullsEye.app */;
			productType = "com.apple.product-type.application";
		};
		49EF58E81A3C7C5600ADB979 /* BullsEyeTests */ = {
			isa = PBXNativeTarget;
			buildConfigurationList = 49EF58F61A3C7C5600ADB979 /* Build configuration list for PBXNativeTarget "BullsEyeTests" */;
			buildPhases = (
				49EF58E51A3C7C5600ADB979 /* Sources */,
				49EF58E61A3C7C5600ADB979 /* Frameworks */,
				49EF58E71A3C7C5600ADB979 /* Resources */,
			);
			buildRules = (
			);
			dependencies = (
				49EF58EB1A3C7C5600ADB979 /* PBXTargetDependency */,
			);
			name = BullsEyeTests;
			productName = BullsEyeTests;
			productReference = 49EF58E91A3C7C5600ADB979 /* BullsEyeTests.xctest */;
			productType = "com.apple.product-type.bundle.unit-test";
		};
/* End PBXNativeTarget section */

/* Begin PBXProject section */
		49EF58CC1A3C7C5600ADB979 /* Project object */ = {
			isa = PBXProject;
			attributes = {
				LastUpgradeCheck = 0610;
				ORGANIZATIONNAME = "Andrew Hercules";
				TargetAttributes = {
					49EF58D31A3C7C5600ADB979 = {
						CreatedOnToolsVersion = 6.1;
					};
					49EF58E81A3C7C5600ADB979 = {
						CreatedOnToolsVersion = 6.1;
						TestTargetID = 49EF58D31A3C7C5600ADB979;
					};
				};
			};
			buildConfigurationList = 49EF58CF1A3C7C5600ADB979 /* Build configuration list for PBXProject "BullsEye" */;
			compatibilityVersion = "Xcode 3.2";
			developmentRegion = English;
			hasScannedForEncodings = 0;
			knownRegions = (
				en,
				Base,
			);
			mainGroup = 49EF58CB1A3C7C5600ADB979;
			productRefGroup = 49EF58D51A3C7C5600ADB979 /* Products */;
			projectDirPath = "";
			projectRoot = "";
			targets = (
				49EF58D31A3C7C5600ADB979 /* BullsEye */,
				49EF58E81A3C7C5600ADB979 /* BullsEyeTests */,
			);
		};
/* End PBXProject section */

/* Begin PBXResourcesBuildPhase section */
		49EF58D21A3C7C5600ADB979 /* Resources */ = {
			isa = PBXResourcesBuildPhase;
			buildActionMask = 2147483647;
			files = (
				49EF58DF1A3C7C5600ADB979 /* Main.storyboard in Resources */,
				49EF58E41A3C7C5600ADB979 /* LaunchScreen.xib in Resources */,
				49EF58E11A3C7C5600ADB979 /* Images.xcassets in Resources */,
			);
			runOnlyForDeploymentPostprocessing = 0;
		};
		49EF58E71A3C7C5600ADB979 /* Resources */ = {
			isa = PBXResourcesBuildPhase;
			buildActionMask = 2147483647;
			files = (
			);
			runOnlyForDeploymentPostprocessing = 0;
		};
/* End PBXResourcesBuildPhase section */

/* Begin PBXSourcesBuildPhase section */
		49EF58D01A3C7C5600ADB979 /* Sources */ = {
			isa = PBXSourcesBuildPhase;
			buildActionMask = 2147483647;
			files = (
				49EF58DC1A3C7C5600ADB979 /* ViewController.swift in Sources */,
				49EF58DA1A3C7C5600ADB979 /* AppDelegate.swift in Sources */,
			);
			runOnlyForDeploymentPostprocessing = 0;
		};
		49EF58E51A3C7C5600ADB979 /* Sources */ = {
			isa = PBXSourcesBuildPhase;
			buildActionMask = 2147483647;
			files = (
				49EF58F01A3C7C5600ADB979 /* BullsEyeTests.swift in Sources */,
			);
			runOnlyForDeploymentPostprocessing = 0;
		};
/* End PBXSourcesBuildPhase section */

/* Begin PBXTargetDependency section */
		49EF58EB1A3C7C5600ADB979 /* PBXTargetDependency */ = {
			isa = PBXTargetDependency;
			target = 49EF58D31A3C7C5600ADB979 /* BullsEye */;
			targetProxy = 49EF58EA1A3C7C5600ADB979 /* PBXContainerItemProxy */;
		};
/* End PBXTargetDependency section */

/* Begin PBXVariantGroup section */
		49EF58DD1A3C7C5600ADB979 /* Main.storyboard */ = {
			isa = PBXVariantGroup;
			children = (
				49EF58DE1A3C7C5600ADB979 /* Base */,
			);
			name = Main.storyboard;
			sourceTree = "<group>";
		};
		49EF58E21A3C7C5600ADB979 /* LaunchScreen.xib */ = {
			isa = PBXVariantGroup;
			children = (
				49EF58E31A3C7C5600ADB979 /* Base */,
			);
			name = LaunchScreen.xib;
			sourceTree = "<group>";
		};
/* End PBXVariantGroup section */

/* Begin XCBuildConfiguration section */
		49EF58F11A3C7C5600ADB979 /* Debug */ = {
			isa = XCBuildConfiguration;
			buildSettings = {
				ALWAYS_SEARCH_USER_PATHS = NO;
				CLANG_CXX_LANGUAGE_STANDARD = "gnu++0x";
				CLANG_CXX_LIBRARY = "libc++";
				CLANG_ENABLE_MODULES = YES;
				CLANG_ENABLE_OBJC_ARC = YES;
				CLANG_WARN_BOOL_CONVERSION = YES;
				CLANG_WARN_CONSTANT_CONVERSION = YES;
				CLANG_WARN_DIRECT_OBJC_ISA_USAGE = YES_ERROR;
				CLANG_WARN_EMPTY_BODY = YES;
				CLANG_WARN_ENUM_CONVERSION = YES;
				CLANG_WARN_INT_CONVERSION = YES;
				CLANG_WARN_OBJC_ROOT_CLASS = YES_ERROR;
				CLANG_WARN_UNREACHABLE_CODE = YES;
				CLANG_WARN__DUPLICATE_METHOD_MATCH = YES;
				"CODE_SIGN_IDENTITY[sdk=iphoneos*]" = "iPhone Developer";
				COPY_PHASE_STRIP = NO;
				ENABLE_STRICT_OBJC_MSGSEND = YES;
				GCC_C_LANGUAGE_STANDARD = gnu99;
				GCC_DYNAMIC_NO_PIC = NO;
				GCC_OPTIMIZATION_LEVEL = 0;
				GCC_PREPROCESSOR_DEFINITIONS = (
					"DEBUG=1",
					"$(inherited)",
				);
				GCC_SYMBOLS_PRIVATE_EXTERN = NO;
				GCC_WARN_64_TO_32_BIT_CONVERSION = YES;
				GCC_WARN_ABOUT_RETURN_TYPE = YES_ERROR;
				GCC_WARN_UNDECLARED_SELECTOR = YES;
				GCC_WARN_UNINITIALIZED_AUTOS = YES_AGGRESSIVE;
				GCC_WARN_UNUSED_FUNCTION = YES;
				GCC_WARN_UNUSED_VARIABLE = YES;
				IPHONEOS_DEPLOYMENT_TARGET = 8.1;
				MTL_ENABLE_DEBUG_INFO = YES;
				ONLY_ACTIVE_ARCH = YES;
				SDKROOT = iphoneos;
				SWIFT_OPTIMIZATION_LEVEL = "-Onone";
			};
			name = Debug;
		};
		49EF58F21A3C7C5600ADB979 /* Release */ = {
			isa = XCBuildConfiguration;
			buildSettings = {
				ALWAYS_SEARCH_USER_PATHS = NO;
				CLANG_CXX_LANGUAGE_STANDARD = "gnu++0x";
				CLANG_CXX_LIBRARY = "libc++";
				CLANG_ENABLE_MODULES = YES;
				CLANG_ENABLE_OBJC_ARC = YES;
				CLANG_WARN_BOOL_CONVERSION = YES;
				CLANG_WARN_CONSTANT_CONVERSION = YES;
				CLANG_WARN_DIRECT_OBJC_ISA_USAGE = YES_ERROR;
				CLANG_WARN_EMPTY_BODY = YES;
				CLANG_WARN_ENUM_CONVERSION = YES;
				CLANG_WARN_INT_CONVERSION = YES;
				CLANG_WARN_OBJC_ROOT_CLASS = YES_ERROR;
				CLANG_WARN_UNREACHABLE_CODE = YES;
				CLANG_WARN__DUPLICATE_METHOD_MATCH = YES;
				"CODE_SIGN_IDENTITY[sdk=iphoneos*]" = "iPhone Developer";
				COPY_PHASE_STRIP = YES;
				ENABLE_NS_ASSERTIONS = NO;
				ENABLE_STRICT_OBJC_MSGSEND = YES;
				GCC_C_LANGUAGE_STANDARD = gnu99;
				GCC_WARN_64_TO_32_BIT_CONVERSION = YES;
				GCC_WARN_ABOUT_RETURN_TYPE = YES_ERROR;
				GCC_WARN_UNDECLARED_SELECTOR = YES;
				GCC_WARN_UNINITIALIZED_AUTOS = YES_AGGRESSIVE;
				GCC_WARN_UNUSED_FUNCTION = YES;
				GCC_WARN_UNUSED_VARIABLE = YES;
				IPHONEOS_DEPLOYMENT_TARGET = 8.1;
				MTL_ENABLE_DEBUG_INFO = NO;
				SDKROOT = iphoneos;
				VALIDATE_PRODUCT = YES;
			};
			name = Release;
		};
		49EF58F41A3C7C5600ADB979 /* Debug */ = {
			isa = XCBuildConfiguration;
			buildSettings = {
				ASSETCATALOG_COMPILER_APPICON_NAME = AppIcon;
				INFOPLIST_FILE = BullsEye/Info.plist;
				LD_RUNPATH_SEARCH_PATHS = "$(inherited) @executable_path/Frameworks";
				PRODUCT_NAME = "$(TARGET_NAME)";
			};
			name = Debug;
		};
		49EF58F51A3C7C5600ADB979 /* Release */ = {
			isa = XCBuildConfiguration;
			buildSettings = {
				ASSETCATALOG_COMPILER_APPICON_NAME = AppIcon;
				INFOPLIST_FILE = BullsEye/Info.plist;
				LD_RUNPATH_SEARCH_PATHS = "$(inherited) @executable_path/Frameworks";
				PRODUCT_NAME = "$(TARGET_NAME)";
			};
			name = Release;
		};
		49EF58F71A3C7C5600ADB979 /* Debug */ = {
			isa = XCBuildConfiguration;
			buildSettings = {
				BUNDLE_LOADER = "$(TEST_HOST)";
				FRAMEWORK_SEARCH_PATHS = (
					"$(SDKROOT)/Developer/Library/Frameworks",
					"$(inherited)",
				);
				GCC_PREPROCESSOR_DEFINITIONS = (
					"DEBUG=1",
					"$(inherited)",
				);
				INFOPLIST_FILE = BullsEyeTests/Info.plist;
				LD_RUNPATH_SEARCH_PATHS = "$(inherited) @executable_path/Frameworks @loader_path/Frameworks";
				PRODUCT_NAME = "$(TARGET_NAME)";
				TEST_HOST = "$(BUILT_PRODUCTS_DIR)/BullsEye.app/BullsEye";
			};
			name = Debug;
		};
		49EF58F81A3C7C5600ADB979 /* Release */ = {
			isa = XCBuildConfiguration;
			buildSettings = {
				BUNDLE_LOADER = "$(TEST_HOST)";
				FRAMEWORK_SEARCH_PATHS = (
					"$(SDKROOT)/Developer/Library/Frameworks",
					"$(inherited)",
				);
				INFOPLIST_FILE = BullsEyeTests/Info.plist;
				LD_RUNPATH_SEARCH_PATHS = "$(inherited) @executable_path/Frameworks @loader_path/Frameworks";
				PRODUCT_NAME = "$(TARGET_NAME)";
				TEST_HOST = "$(BUILT_PRODUCTS_DIR)/BullsEye.app/BullsEye";
			};
			name = Release;
		};
/* End XCBuildConfiguration section */

/* Begin XCConfigurationList section */
		49EF58CF1A3C7C5600ADB979 /* Build configuration list for PBXProject "BullsEye" */ = {
			isa = XCConfigurationList;
			buildConfigurations = (
				49EF58F11A3C7C5600ADB979 /* Debug */,
				49EF58F21A3C7C5600ADB979 /* Release */,
			);
			defaultConfigurationIsVisible = 0;
			defaultConfigurationName = Release;
		};
		49EF58F31A3C7C5600ADB979 /* Build configuration list for PBXNativeTarget "BullsEye" */ = {
			isa = XCConfigurationList;
			buildConfigurations = (
				49EF58F41A3C7C5600ADB979 /* Debug */,
				49EF58F51A3C7C5600ADB979 /* Release */,
			);
			defaultConfigurationIsVisible = 0;
		};
		49EF58F61A3C7C5600ADB979 /* Build configuration list for PBXNativeTarget "BullsEyeTests" */ = {
			isa = XCConfigurationList;
			buildConfigurations = (
				49EF58F71A3C7C5600ADB979 /* Debug */,
				49EF58F81A3C7C5600ADB979 /* Release */,
			);
			defaultConfigurationIsVisible = 0;
		};
/* End XCConfigurationList section */
	};
	rootObject = 49EF58CC1A3C7C5600ADB979 /* Project object */;
}
